// !$*UTF8*$!
{
	archiveVersion = 1;
	classes = {
	};
	objectVersion = 55;
	objects = {

/* Begin PBXBuildFile section */
		5DCAEA63296C36D8006E944D /* SecondView.swift in Sources */ = {isa = PBXBuildFile; fileRef = 5DCAEA62296C36D8006E944D /* SecondView.swift */; };
		5DD01347296413D10027A023 /* AppDelegate.swift in Sources */ = {isa = PBXBuildFile; fileRef = 5DD01346296413D10027A023 /* AppDelegate.swift */; };
		5DD01349296413D10027A023 /* SceneDelegate.swift in Sources */ = {isa = PBXBuildFile; fileRef = 5DD01348296413D10027A023 /* SceneDelegate.swift */; };
		5DD0134B296413D10027A023 /* ViewController.swift in Sources */ = {isa = PBXBuildFile; fileRef = 5DD0134A296413D10027A023 /* ViewController.swift */; };
		5DD0134E296413D10027A023 /* Main.storyboard in Resources */ = {isa = PBXBuildFile; fileRef = 5DD0134C296413D10027A023 /* Main.storyboard */; };
		5DD01350296413D10027A023 /* Assets.xcassets in Resources */ = {isa = PBXBuildFile; fileRef = 5DD0134F296413D10027A023 /* Assets.xcassets */; };
		5DD01353296413D10027A023 /* LaunchScreen.storyboard in Resources */ = {isa = PBXBuildFile; fileRef = 5DD01351296413D10027A023 /* LaunchScreen.storyboard */; };
		5DD0135B296418E20027A023 /* btnDetail.swift in Sources */ = {isa = PBXBuildFile; fileRef = 5DD0135A296418E20027A023 /* btnDetail.swift */; };
		5DD0135D2964236F0027A023 /* LabelDetail.swift in Sources */ = {isa = PBXBuildFile; fileRef = 5DD0135C2964236F0027A023 /* LabelDetail.swift */; };
/* End PBXBuildFile section */

/* Begin PBXFileReference section */
		5DCAEA62296C36D8006E944D /* SecondView.swift */ = {isa = PBXFileReference; lastKnownFileType = sourcecode.swift; path = SecondView.swift; sourceTree = "<group>"; };
		5DD01343296413D10027A023 /* RandomFoodChoice.app */ = {isa = PBXFileReference; explicitFileType = wrapper.application; includeInIndex = 0; path = RandomFoodChoice.app; sourceTree = BUILT_PRODUCTS_DIR; };
		5DD01346296413D10027A023 /* AppDelegate.swift */ = {isa = PBXFileReference; lastKnownFileType = sourcecode.swift; path = AppDelegate.swift; sourceTree = "<group>"; };
		5DD01348296413D10027A023 /* SceneDelegate.swift */ = {isa = PBXFileReference; lastKnownFileType = sourcecode.swift; path = SceneDelegate.swift; sourceTree = "<group>"; };
		5DD0134A296413D10027A023 /* ViewController.swift */ = {isa = PBXFileReference; lastKnownFileType = sourcecode.swift; path = ViewController.swift; sourceTree = "<group>"; };
		5DD0134D296413D10027A023 /* Base */ = {isa = PBXFileReference; lastKnownFileType = file.storyboard; name = Base; path = Base.lproj/Main.storyboard; sourceTree = "<group>"; };
		5DD0134F296413D10027A023 /* Assets.xcassets */ = {isa = PBXFileReference; lastKnownFileType = folder.assetcatalog; path = Assets.xcassets; sourceTree = "<group>"; };
		5DD01352296413D10027A023 /* Base */ = {isa = PBXFileReference; lastKnownFileType = file.storyboard; name = Base; path = Base.lproj/LaunchScreen.storyboard; sourceTree = "<group>"; };
		5DD01354296413D10027A023 /* Info.plist */ = {isa = PBXFileReference; lastKnownFileType = text.plist.xml; path = Info.plist; sourceTree = "<group>"; };
		5DD0135A296418E20027A023 /* btnDetail.swift */ = {isa = PBXFileReference; lastKnownFileType = sourcecode.swift; path = btnDetail.swift; sourceTree = "<group>"; };
		5DD0135C2964236F0027A023 /* LabelDetail.swift */ = {isa = PBXFileReference; lastKnownFileType = sourcecode.swift; path = LabelDetail.swift; sourceTree = "<group>"; };
/* End PBXFileReference section */

/* Begin PBXFrameworksBuildPhase section */
		5DD01340296413D10027A023 /* Frameworks */ = {
			isa = PBXFrameworksBuildPhase;
			buildActionMask = 2147483647;
			files = (
			);
			runOnlyForDeploymentPostprocessing = 0;
		};
/* End PBXFrameworksBuildPhase section */

/* Begin PBXGroup section */
		5DD0133A296413D00027A023 = {
			isa = PBXGroup;
			children = (
				5DD01345296413D10027A023 /* RandomFoodChoice */,
				5DD01344296413D10027A023 /* Products */,
			);
			sourceTree = "<group>";
		};
		5DD01344296413D10027A023 /* Products */ = {
			isa = PBXGroup;
			children = (
				5DD01343296413D10027A023 /* RandomFoodChoice.app */,
			);
			name = Products;
			sourceTree = "<group>";
		};
		5DD01345296413D10027A023 /* RandomFoodChoice */ = {
			isa = PBXGroup;
			children = (
				5DD01346296413D10027A023 /* AppDelegate.swift */,
				5DD01348296413D10027A023 /* SceneDelegate.swift */,
				5DCAEA62296C36D8006E944D /* SecondView.swift */,
				5DD0134A296413D10027A023 /* ViewController.swift */,
				5DD0135A296418E20027A023 /* btnDetail.swift */,
				5DD0135C2964236F0027A023 /* LabelDetail.swift */,
				5DD0134C296413D10027A023 /* Main.storyboard */,
				5DD0134F296413D10027A023 /* Assets.xcassets */,
				5DD01351296413D10027A023 /* LaunchScreen.storyboard */,
				5DD01354296413D10027A023 /* Info.plist */,
			);
			path = RandomFoodChoice;
			sourceTree = "<group>";
		};
/* End PBXGroup section */

/* Begin PBXNativeTarget section */
		5DD01342296413D10027A023 /* RandomFoodChoice */ = {
			isa = PBXNativeTarget;
			buildConfigurationList = 5DD01357296413D10027A023 /* Build configuration list for PBXNativeTarget "RandomFoodChoice" */;
			buildPhases = (
				5DD0133F296413D10027A023 /* Sources */,
				5DD01340296413D10027A023 /* Frameworks */,
				5DD01341296413D10027A023 /* Resources */,
			);
			buildRules = (
			);
			dependencies = (
			);
			name = RandomFoodChoice;
			productName = RandomFoodChoice;
			productReference = 5DD01343296413D10027A023 /* RandomFoodChoice.app */;
			productType = "com.apple.product-type.application";
		};
/* End PBXNativeTarget section */

/* Begin PBXProject section */
		5DD0133B296413D00027A023 /* Project object */ = {
			isa = PBXProject;
			attributes = {
				BuildIndependentTargetsInParallel = 1;
				LastSwiftUpdateCheck = 1340;
				LastUpgradeCheck = 1340;
				TargetAttributes = {
					5DD01342296413D10027A023 = {
						CreatedOnToolsVersion = 13.4.1;
					};
				};
			};
			buildConfigurationList = 5DD0133E296413D00027A023 /* Build configuration list for PBXProject "RandomFoodChoice" */;
			compatibilityVersion = "Xcode 13.0";
			developmentRegion = en;
			hasScannedForEncodings = 0;
			knownRegions = (
				en,
				Base,
			);
			mainGroup = 5DD0133A296413D00027A023;
			productRefGroup = 5DD01344296413D10027A023 /* Products */;
			projectDirPath = "";
			projectRoot = "";
			targets = (
				5DD01342296413D10027A023 /* RandomFoodChoice */,
			);
		};
/* End PBXProject section */

/* Begin PBXResourcesBuildPhase section */
		5DD01341296413D10027A023 /* Resources */ = {
			isa = PBXResourcesBuildPhase;
			buildActionMask = 2147483647;
			files = (
				5DD01353296413D10027A023 /* LaunchScreen.storyboard in Resources */,
				5DD01350296413D10027A023 /* Assets.xcassets in Resources */,
				5DD0134E296413D10027A023 /* Main.storyboard in Resources */,
			);
			runOnlyForDeploymentPostprocessing = 0;
		};
/* End PBXResourcesBuildPhase section */

/* Begin PBXSourcesBuildPhase section */
		5DD0133F296413D10027A023 /* Sources */ = {
			isa = PBXSourcesBuildPhase;
			buildActionMask = 2147483647;
			files = (
				5DCAEA63296C36D8006E944D /* SecondView.swift in Sources */,
				5DD0134B296413D10027A023 /* ViewController.swift in Sources */,
				5DD0135B296418E20027A023 /* btnDetail.swift in Sources */,
				5DD01347296413D10027A023 /* AppDelegate.swift in Sources */,
				5DD0135D2964236F0027A023 /* LabelDetail.swift in Sources */,
				5DD01349296413D10027A023 /* SceneDelegate.swift in Sources */,
			);
			runOnlyForDeploymentPostprocessing = 0;
		};
/* End PBXSourcesBuildPhase section */

/* Begin PBXVariantGroup section */
		5DD0134C296413D10027A023 /* Main.storyboard */ = {
			isa = PBXVariantGroup;
			children = (
				5DD0134D296413D10027A023 /* Base */,
			);
			name = Main.storyboard;
			sourceTree = "<group>";
		};
		5DD01351296413D10027A023 /* LaunchScreen.storyboard */ = {
			isa = PBXVariantGroup;
			children = (
				5DD01352296413D10027A023 /* Base */,
			);
			name = LaunchScreen.storyboard;
			sourceTree = "<group>";
		};
/* End PBXVariantGroup section */

/* Begin XCBuildConfiguration section */
		5DD01355296413D10027A023 /* Debug */ = {
			isa = XCBuildConfiguration;
			buildSettings = {
				ALWAYS_SEARCH_USER_PATHS = NO;
				CLANG_ANALYZER_NONNULL = YES;
				CLANG_ANALYZER_NUMBER_OBJECT_CONVERSION = YES_AGGRESSIVE;
				CLANG_CXX_LANGUAGE_STANDARD = "gnu++17";
				CLANG_ENABLE_MODULES = YES;
				CLANG_ENABLE_OBJC_ARC = YES;
				CLANG_ENABLE_OBJC_WEAK = YES;
				CLANG_WARN_BLOCK_CAPTURE_AUTORELEASING = YES;
				CLANG_WARN_BOOL_CONVERSION = YES;
				CLANG_WARN_COMMA = YES;
				CLANG_WARN_CONSTANT_CONVERSION = YES;
				CLANG_WARN_DEPRECATED_OBJC_IMPLEMENTATIONS = YES;
				CLANG_WARN_DIRECT_OBJC_ISA_USAGE = YES_ERROR;
				CLANG_WARN_DOCUMENTATION_COMMENTS = YES;
				CLANG_WARN_EMPTY_BODY = YES;
				CLANG_WARN_ENUM_CONVERSION = YES;
				CLANG_WARN_INFINITE_RECURSION = YES;
				CLANG_WARN_INT_CONVERSION = YES;
				CLANG_WARN_NON_LITERAL_NULL_CONVERSION = YES;
				CLANG_WARN_OBJC_IMPLICIT_RETAIN_SELF = YES;
				CLANG_WARN_OBJC_LITERAL_CONVERSION = YES;
				CLANG_WARN_OBJC_ROOT_CLASS = YES_ERROR;
				CLANG_WARN_QUOTED_INCLUDE_IN_FRAMEWORK_HEADER = YES;
				CLANG_WARN_RANGE_LOOP_ANALYSIS = YES;
				CLANG_WARN_STRICT_PROTOTYPES = YES;
				CLANG_WARN_SUSPICIOUS_MOVE = YES;
				CLANG_WARN_UNGUARDED_AVAILABILITY = YES_AGGRESSIVE;
				CLANG_WARN_UNREACHABLE_CODE = YES;
				CLANG_WARN__DUPLICATE_METHOD_MATCH = YES;
				COPY_PHASE_STRIP = NO;
				DEBUG_INFORMATION_FORMAT = dwarf;
				ENABLE_STRICT_OBJC_MSGSEND = YES;
				ENABLE_TESTABILITY = YES;
				GCC_C_LANGUAGE_STANDARD = gnu11;
				GCC_DYNAMIC_NO_PIC = NO;
				GCC_NO_COMMON_BLOCKS = YES;
				GCC_OPTIMIZATION_LEVEL = 0;
				GCC_PREPROCESSOR_DEFINITIONS = (
					"DEBUG=1",
					"$(inherited)",
				);
				GCC_WARN_64_TO_32_BIT_CONVERSION = YES;
				GCC_WARN_ABOUT_RETURN_TYPE = YES_ERROR;
				GCC_WARN_UNDECLARED_SELECTOR = YES;
				GCC_WARN_UNINITIALIZED_AUTOS = YES_AGGRESSIVE;
				GCC_WARN_UNUSED_FUNCTION = YES;
				GCC_WARN_UNUSED_VARIABLE = YES;
				IPHONEOS_DEPLOYMENT_TARGET = 15.5;
				MTL_ENABLE_DEBUG_INFO = INCLUDE_SOURCE;
				MTL_FAST_MATH = YES;
				ONLY_ACTIVE_ARCH = YES;
				SDKROOT = iphoneos;
				SWIFT_ACTIVE_COMPILATION_CONDITIONS = DEBUG;
				SWIFT_OPTIMIZATION_LEVEL = "-Onone";
			};
			name = Debug;
		};
		5DD01356296413D10027A023 /* Release */ = {
			isa = XCBuildConfiguration;
			buildSettings = {
				ALWAYS_SEARCH_USER_PATHS = NO;
				CLANG_ANALYZER_NONNULL = YES;
				CLANG_ANALYZER_NUMBER_OBJECT_CONVERSION = YES_AGGRESSIVE;
				CLANG_CXX_LANGUAGE_STANDARD = "gnu++17";
				CLANG_ENABLE_MODULES = YES;
				CLANG_ENABLE_OBJC_ARC = YES;
				CLANG_ENABLE_OBJC_WEAK = YES;
				CLANG_WARN_BLOCK_CAPTURE_AUTORELEASING = YES;
				CLANG_WARN_BOOL_CONVERSION = YES;
				CLANG_WARN_COMMA = YES;
				CLANG_WARN_CONSTANT_CONVERSION = YES;
				CLANG_WARN_DEPRECATED_OBJC_IMPLEMENTATIONS = YES;
				CLANG_WARN_DIRECT_OBJC_ISA_USAGE = YES_ERROR;
				CLANG_WARN_DOCUMENTATION_COMMENTS = YES;
				CLANG_WARN_EMPTY_BODY = YES;
				CLANG_WARN_ENUM_CONVERSION = YES;
				CLANG_WARN_INFINITE_RECURSION = YES;
				CLANG_WARN_INT_CONVERSION = YES;
				CLANG_WARN_NON_LITERAL_NULL_CONVERSION = YES;
				CLANG_WARN_OBJC_IMPLICIT_RETAIN_SELF = YES;
				CLANG_WARN_OBJC_LITERAL_CONVERSION = YES;
				CLANG_WARN_OBJC_ROOT_CLASS = YES_ERROR;
				CLANG_WARN_QUOTED_INCLUDE_IN_FRAMEWORK_HEADER = YES;
				CLANG_WARN_RANGE_LOOP_ANALYSIS = YES;
				CLANG_WARN_STRICT_PROTOTYPES = YES;
				CLANG_WARN_SUSPICIOUS_MOVE = YES;
				CLANG_WARN_UNGUARDED_AVAILABILITY = YES_AGGRESSIVE;
				CLANG_WARN_UNREACHABLE_CODE = YES;
				CLANG_WARN__DUPLICATE_METHOD_MATCH = YES;
				COPY_PHASE_STRIP = NO;
				DEBUG_INFORMATION_FORMAT = "dwarf-with-dsym";
				ENABLE_NS_ASSERTIONS = NO;
				ENABLE_STRICT_OBJC_MSGSEND = YES;
				GCC_C_LANGUAGE_STANDARD = gnu11;
				GCC_NO_COMMON_BLOCKS = YES;
				GCC_WARN_64_TO_32_BIT_CONVERSION = YES;
				GCC_WARN_ABOUT_RETURN_TYPE = YES_ERROR;
				GCC_WARN_UNDECLARED_SELECTOR = YES;
				GCC_WARN_UNINITIALIZED_AUTOS = YES_AGGRESSIVE;
				GCC_WARN_UNUSED_FUNCTION = YES;
				GCC_WARN_UNUSED_VARIABLE = YES;
				IPHONEOS_DEPLOYMENT_TARGET = 15.5;
				MTL_ENABLE_DEBUG_INFO = NO;
				MTL_FAST_MATH = YES;
				SDKROOT = iphoneos;
				SWIFT_COMPILATION_MODE = wholemodule;
				SWIFT_OPTIMIZATION_LEVEL = "-O";
				VALIDATE_PRODUCT = YES;
			};
			name = Release;
		};
		5DD01358296413D10027A023 /* Debug */ = {
			isa = XCBuildConfiguration;
			buildSettings = {
				ASSETCATALOG_COMPILER_APPICON_NAME = AppIcon;
				ASSETCATALOG_COMPILER_GLOBAL_ACCENT_COLOR_NAME = AccentColor;
				CODE_SIGN_STYLE = Automatic;
				CURRENT_PROJECT_VERSION = 1;
				DEVELOPMENT_TEAM = 2P89RZGR74;
				GENERATE_INFOPLIST_FILE = YES;
				INFOPLIST_FILE = RandomFoodChoice/Info.plist;
				INFOPLIST_KEY_UIApplicationSupportsIndirectInputEvents = YES;
				INFOPLIST_KEY_UILaunchStoryboardName = LaunchScreen;
				INFOPLIST_KEY_UIMainStoryboardFile = Main;
				INFOPLIST_KEY_UISupportedInterfaceOrientations_iPad = "UIInterfaceOrientationPortrait UIInterfaceOrientationPortraitUpsideDown UIInterfaceOrientationLandscapeLeft UIInterfaceOrientationLandscapeRight";
				INFOPLIST_KEY_UISupportedInterfaceOrientations_iPhone = "UIInterfaceOrientationPortrait UIInterfaceOrientationLandscapeLeft UIInterfaceOrientationLandscapeRight";
				LD_RUNPATH_SEARCH_PATHS = (
					"$(inherited)",
					"@executable_path/Frameworks",
				);
				MARKETING_VERSION = 1.0;
				PRODUCT_BUNDLE_IDENTIFIER = nothin.RandomFoodChoice;
				PRODUCT_NAME = "$(TARGET_NAME)";
				SWIFT_EMIT_LOC_STRINGS = YES;
				SWIFT_VERSION = 5.0;
				TARGETED_DEVICE_FAMILY = "1,2";
			};
			name = Debug;
		};
		5DD01359296413D10027A023 /* Release */ = {
			isa = XCBuildConfiguration;
			buildSettings = {
				ASSETCATALOG_COMPILER_APPICON_NAME = AppIcon;
				ASSETCATALOG_COMPILER_GLOBAL_ACCENT_COLOR_NAME = AccentColor;
				CODE_SIGN_STYLE = Automatic;
				CURRENT_PROJECT_VERSION = 1;
				DEVELOPMENT_TEAM = 2P89RZGR74;
				GENERATE_INFOPLIST_FILE = YES;
				INFOPLIST_FILE = RandomFoodChoice/Info.plist;
				INFOPLIST_KEY_UIApplicationSupportsIndirectInputEvents = YES;
				INFOPLIST_KEY_UILaunchStoryboardName = LaunchScreen;
				INFOPLIST_KEY_UIMainStoryboardFile = Main;
				INFOPLIST_KEY_UISupportedInterfaceOrientations_iPad = "UIInterfaceOrientationPortrait UIInterfaceOrientationPortraitUpsideDown UIInterfaceOrientationLandscapeLeft UIInterfaceOrientationLandscapeRight";
				INFOPLIST_KEY_UISupportedInterfaceOrientations_iPhone = "UIInterfaceOrientationPortrait UIInterfaceOrientationLandscapeLeft UIInterfaceOrientationLandscapeRight";
				LD_RUNPATH_SEARCH_PATHS = (
					"$(inherited)",
					"@executable_path/Frameworks",
				);
				MARKETING_VERSION = 1.0;
				PRODUCT_BUNDLE_IDENTIFIER = nothin.RandomFoodChoice;
				PRODUCT_NAME = "$(TARGET_NAME)";
				SWIFT_EMIT_LOC_STRINGS = YES;
				SWIFT_VERSION = 5.0;
				TARGETED_DEVICE_FAMILY = "1,2";
			};
			name = Release;
		};
/* End XCBuildConfiguration section */

/* Begin XCConfigurationList section */
		5DD0133E296413D00027A023 /* Build configuration list for PBXProject "RandomFoodChoice" */ = {
			isa = XCConfigurationList;
			buildConfigurations = (
				5DD01355296413D10027A023 /* Debug */,
				5DD01356296413D10027A023 /* Release */,
			);
			defaultConfigurationIsVisible = 0;
			defaultConfigurationName = Release;
		};
		5DD01357296413D10027A023 /* Build configuration list for PBXNativeTarget "RandomFoodChoice" */ = {
			isa = XCConfigurationList;
			buildConfigurations = (
				5DD01358296413D10027A023 /* Debug */,
				5DD01359296413D10027A023 /* Release */,
			);
			defaultConfigurationIsVisible = 0;
			defaultConfigurationName = Release;
		};
/* End XCConfigurationList section */
	};
	rootObject = 5DD0133B296413D00027A023 /* Project object */;
}
